// !$*UTF8*$!
{
	archiveVersion = 1;
	classes = {
	};
	objectVersion = 50;
	objects = {

/* Begin PBXBuildFile section */
		4E664C97244B90EE00C4578A /* AppDelegate.swift in Sources */ = {isa = PBXBuildFile; fileRef = 4E664C96244B90EE00C4578A /* AppDelegate.swift */; };
		4E664C99244B90EE00C4578A /* SceneDelegate.swift in Sources */ = {isa = PBXBuildFile; fileRef = 4E664C98244B90EE00C4578A /* SceneDelegate.swift */; };
		4E664C9B244B90EE00C4578A /* ContentView.swift in Sources */ = {isa = PBXBuildFile; fileRef = 4E664C9A244B90EE00C4578A /* ContentView.swift */; };
		4E664C9D244B90F200C4578A /* Assets.xcassets in Resources */ = {isa = PBXBuildFile; fileRef = 4E664C9C244B90F200C4578A /* Assets.xcassets */; };
		4E664CA0244B90F200C4578A /* Preview Assets.xcassets in Resources */ = {isa = PBXBuildFile; fileRef = 4E664C9F244B90F200C4578A /* Preview Assets.xcassets */; };
		4E664CA3244B90F200C4578A /* LaunchScreen.storyboard in Resources */ = {isa = PBXBuildFile; fileRef = 4E664CA1244B90F200C4578A /* LaunchScreen.storyboard */; };
		4E664CAE244B90F300C4578A /* Mobile_Systems_Project_1Tests.swift in Sources */ = {isa = PBXBuildFile; fileRef = 4E664CAD244B90F300C4578A /* Mobile_Systems_Project_1Tests.swift */; };
		4E664CB9244B90F300C4578A /* Mobile_Systems_Project_1UITests.swift in Sources */ = {isa = PBXBuildFile; fileRef = 4E664CB8244B90F300C4578A /* Mobile_Systems_Project_1UITests.swift */; };
		4E664CCD244B9B7A00C4578A /* AudioEngine.swift in Sources */ = {isa = PBXBuildFile; fileRef = 4E664CCC244B9B7A00C4578A /* AudioEngine.swift */; };
		4E664CD5244BA1D700C4578A /* AudioKit.framework in Frameworks */ = {isa = PBXBuildFile; fileRef = 4E664CD4244BA1D700C4578A /* AudioKit.framework */; };
/* End PBXBuildFile section */

/* Begin PBXContainerItemProxy section */
		4E664CAA244B90F300C4578A /* PBXContainerItemProxy */ = {
			isa = PBXContainerItemProxy;
			containerPortal = 4E664C8B244B90EE00C4578A /* Project object */;
			proxyType = 1;
			remoteGlobalIDString = 4E664C92244B90EE00C4578A;
			remoteInfo = "Mobile Systems Project 1";
		};
		4E664CB5244B90F300C4578A /* PBXContainerItemProxy */ = {
			isa = PBXContainerItemProxy;
			containerPortal = 4E664C8B244B90EE00C4578A /* Project object */;
			proxyType = 1;
			remoteGlobalIDString = 4E664C92244B90EE00C4578A;
			remoteInfo = "Mobile Systems Project 1";
		};
/* End PBXContainerItemProxy section */

/* Begin PBXFileReference section */
		4E664C93244B90EE00C4578A /* Mobile Systems Project 1.app */ = {isa = PBXFileReference; explicitFileType = wrapper.application; includeInIndex = 0; path = "Mobile Systems Project 1.app"; sourceTree = BUILT_PRODUCTS_DIR; };
		4E664C96244B90EE00C4578A /* AppDelegate.swift */ = {isa = PBXFileReference; lastKnownFileType = sourcecode.swift; path = AppDelegate.swift; sourceTree = "<group>"; };
		4E664C98244B90EE00C4578A /* SceneDelegate.swift */ = {isa = PBXFileReference; lastKnownFileType = sourcecode.swift; path = SceneDelegate.swift; sourceTree = "<group>"; };
		4E664C9A244B90EE00C4578A /* ContentView.swift */ = {isa = PBXFileReference; lastKnownFileType = sourcecode.swift; path = ContentView.swift; sourceTree = "<group>"; };
		4E664C9C244B90F200C4578A /* Assets.xcassets */ = {isa = PBXFileReference; lastKnownFileType = folder.assetcatalog; path = Assets.xcassets; sourceTree = "<group>"; };
		4E664C9F244B90F200C4578A /* Preview Assets.xcassets */ = {isa = PBXFileReference; lastKnownFileType = folder.assetcatalog; path = "Preview Assets.xcassets"; sourceTree = "<group>"; };
		4E664CA2244B90F200C4578A /* Base */ = {isa = PBXFileReference; lastKnownFileType = file.storyboard; name = Base; path = Base.lproj/LaunchScreen.storyboard; sourceTree = "<group>"; };
		4E664CA4244B90F200C4578A /* Info.plist */ = {isa = PBXFileReference; lastKnownFileType = text.plist.xml; path = Info.plist; sourceTree = "<group>"; };
		4E664CA9244B90F300C4578A /* Mobile Systems Project 1Tests.xctest */ = {isa = PBXFileReference; explicitFileType = wrapper.cfbundle; includeInIndex = 0; path = "Mobile Systems Project 1Tests.xctest"; sourceTree = BUILT_PRODUCTS_DIR; };
		4E664CAD244B90F300C4578A /* Mobile_Systems_Project_1Tests.swift */ = {isa = PBXFileReference; lastKnownFileType = sourcecode.swift; path = Mobile_Systems_Project_1Tests.swift; sourceTree = "<group>"; };
		4E664CAF244B90F300C4578A /* Info.plist */ = {isa = PBXFileReference; lastKnownFileType = text.plist.xml; path = Info.plist; sourceTree = "<group>"; };
		4E664CB4244B90F300C4578A /* Mobile Systems Project 1UITests.xctest */ = {isa = PBXFileReference; explicitFileType = wrapper.cfbundle; includeInIndex = 0; path = "Mobile Systems Project 1UITests.xctest"; sourceTree = BUILT_PRODUCTS_DIR; };
		4E664CB8244B90F300C4578A /* Mobile_Systems_Project_1UITests.swift */ = {isa = PBXFileReference; lastKnownFileType = sourcecode.swift; path = Mobile_Systems_Project_1UITests.swift; sourceTree = "<group>"; };
		4E664CBA244B90F300C4578A /* Info.plist */ = {isa = PBXFileReference; lastKnownFileType = text.plist.xml; path = Info.plist; sourceTree = "<group>"; };
		4E664CCC244B9B7A00C4578A /* AudioEngine.swift */ = {isa = PBXFileReference; lastKnownFileType = sourcecode.swift; path = AudioEngine.swift; sourceTree = "<group>"; };
		4E664CD4244BA1D700C4578A /* AudioKit.framework */ = {isa = PBXFileReference; lastKnownFileType = wrapper.framework; path = AudioKit.framework; sourceTree = "<group>"; };
/* End PBXFileReference section */

/* Begin PBXFrameworksBuildPhase section */
		4E664C90244B90EE00C4578A /* Frameworks */ = {
			isa = PBXFrameworksBuildPhase;
			buildActionMask = 2147483647;
			files = (
				4E664CD5244BA1D700C4578A /* AudioKit.framework in Frameworks */,
			);
			runOnlyForDeploymentPostprocessing = 0;
		};
		4E664CA6244B90F300C4578A /* Frameworks */ = {
			isa = PBXFrameworksBuildPhase;
			buildActionMask = 2147483647;
			files = (
			);
			runOnlyForDeploymentPostprocessing = 0;
		};
		4E664CB1244B90F300C4578A /* Frameworks */ = {
			isa = PBXFrameworksBuildPhase;
			buildActionMask = 2147483647;
			files = (
			);
			runOnlyForDeploymentPostprocessing = 0;
		};
/* End PBXFrameworksBuildPhase section */

/* Begin PBXGroup section */
		4E664C8A244B90EE00C4578A = {
			isa = PBXGroup;
			children = (
				4E664C95244B90EE00C4578A /* Mobile Systems Project 1 */,
				4E664CAC244B90F300C4578A /* Mobile Systems Project 1Tests */,
				4E664CB7244B90F300C4578A /* Mobile Systems Project 1UITests */,
				4E664C94244B90EE00C4578A /* Products */,
			);
			sourceTree = "<group>";
		};
		4E664C94244B90EE00C4578A /* Products */ = {
			isa = PBXGroup;
			children = (
				4E664C93244B90EE00C4578A /* Mobile Systems Project 1.app */,
				4E664CA9244B90F300C4578A /* Mobile Systems Project 1Tests.xctest */,
				4E664CB4244B90F300C4578A /* Mobile Systems Project 1UITests.xctest */,
			);
			name = Products;
			sourceTree = "<group>";
		};
		4E664C95244B90EE00C4578A /* Mobile Systems Project 1 */ = {
			isa = PBXGroup;
			children = (
				4E664C96244B90EE00C4578A /* AppDelegate.swift */,
				4E664C98244B90EE00C4578A /* SceneDelegate.swift */,
				4E664C9A244B90EE00C4578A /* ContentView.swift */,
				4E664CD4244BA1D700C4578A /* AudioKit.framework */,
				4E664C9C244B90F200C4578A /* Assets.xcassets */,
				4E664CA1244B90F200C4578A /* LaunchScreen.storyboard */,
				4E664CA4244B90F200C4578A /* Info.plist */,
				4E664C9E244B90F200C4578A /* Preview Content */,
				4E664CCC244B9B7A00C4578A /* AudioEngine.swift */,
			);
			path = "Mobile Systems Project 1";
			sourceTree = "<group>";
		};
		4E664C9E244B90F200C4578A /* Preview Content */ = {
			isa = PBXGroup;
			children = (
				4E664C9F244B90F200C4578A /* Preview Assets.xcassets */,
			);
			path = "Preview Content";
			sourceTree = "<group>";
		};
		4E664CAC244B90F300C4578A /* Mobile Systems Project 1Tests */ = {
			isa = PBXGroup;
			children = (
				4E664CAD244B90F300C4578A /* Mobile_Systems_Project_1Tests.swift */,
				4E664CAF244B90F300C4578A /* Info.plist */,
			);
			path = "Mobile Systems Project 1Tests";
			sourceTree = "<group>";
		};
		4E664CB7244B90F300C4578A /* Mobile Systems Project 1UITests */ = {
			isa = PBXGroup;
			children = (
				4E664CB8244B90F300C4578A /* Mobile_Systems_Project_1UITests.swift */,
				4E664CBA244B90F300C4578A /* Info.plist */,
			);
			path = "Mobile Systems Project 1UITests";
			sourceTree = "<group>";
		};
/* End PBXGroup section */

/* Begin PBXNativeTarget section */
		4E664C92244B90EE00C4578A /* Mobile Systems Project 1 */ = {
			isa = PBXNativeTarget;
			buildConfigurationList = 4E664CBD244B90F300C4578A /* Build configuration list for PBXNativeTarget "Mobile Systems Project 1" */;
			buildPhases = (
				4E664C8F244B90EE00C4578A /* Sources */,
				4E664C90244B90EE00C4578A /* Frameworks */,
				4E664C91244B90EE00C4578A /* Resources */,
			);
			buildRules = (
			);
			dependencies = (
			);
			name = "Mobile Systems Project 1";
			productName = "Mobile Systems Project 1";
			productReference = 4E664C93244B90EE00C4578A /* Mobile Systems Project 1.app */;
			productType = "com.apple.product-type.application";
		};
		4E664CA8244B90F300C4578A /* Mobile Systems Project 1Tests */ = {
			isa = PBXNativeTarget;
			buildConfigurationList = 4E664CC0244B90F300C4578A /* Build configuration list for PBXNativeTarget "Mobile Systems Project 1Tests" */;
			buildPhases = (
				4E664CA5244B90F300C4578A /* Sources */,
				4E664CA6244B90F300C4578A /* Frameworks */,
				4E664CA7244B90F300C4578A /* Resources */,
			);
			buildRules = (
			);
			dependencies = (
				4E664CAB244B90F300C4578A /* PBXTargetDependency */,
			);
			name = "Mobile Systems Project 1Tests";
			productName = "Mobile Systems Project 1Tests";
			productReference = 4E664CA9244B90F300C4578A /* Mobile Systems Project 1Tests.xctest */;
			productType = "com.apple.product-type.bundle.unit-test";
		};
		4E664CB3244B90F300C4578A /* Mobile Systems Project 1UITests */ = {
			isa = PBXNativeTarget;
			buildConfigurationList = 4E664CC3244B90F300C4578A /* Build configuration list for PBXNativeTarget "Mobile Systems Project 1UITests" */;
			buildPhases = (
				4E664CB0244B90F300C4578A /* Sources */,
				4E664CB1244B90F300C4578A /* Frameworks */,
				4E664CB2244B90F300C4578A /* Resources */,
			);
			buildRules = (
			);
			dependencies = (
				4E664CB6244B90F300C4578A /* PBXTargetDependency */,
			);
			name = "Mobile Systems Project 1UITests";
			productName = "Mobile Systems Project 1UITests";
			productReference = 4E664CB4244B90F300C4578A /* Mobile Systems Project 1UITests.xctest */;
			productType = "com.apple.product-type.bundle.ui-testing";
		};
/* End PBXNativeTarget section */

/* Begin PBXProject section */
		4E664C8B244B90EE00C4578A /* Project object */ = {
			isa = PBXProject;
			attributes = {
				LastSwiftUpdateCheck = 1140;
				LastUpgradeCheck = 1140;
				ORGANIZATIONNAME = "Adam Fishman";
				TargetAttributes = {
					4E664C92244B90EE00C4578A = {
						CreatedOnToolsVersion = 11.4;
					};
					4E664CA8244B90F300C4578A = {
						CreatedOnToolsVersion = 11.4;
						TestTargetID = 4E664C92244B90EE00C4578A;
					};
					4E664CB3244B90F300C4578A = {
						CreatedOnToolsVersion = 11.4;
						TestTargetID = 4E664C92244B90EE00C4578A;
					};
				};
			};
			buildConfigurationList = 4E664C8E244B90EE00C4578A /* Build configuration list for PBXProject "Mobile Systems Project 1" */;
			compatibilityVersion = "Xcode 9.3";
			developmentRegion = en;
			hasScannedForEncodings = 0;
			knownRegions = (
				en,
				Base,
			);
			mainGroup = 4E664C8A244B90EE00C4578A;
			productRefGroup = 4E664C94244B90EE00C4578A /* Products */;
			projectDirPath = "";
			projectRoot = "";
			targets = (
				4E664C92244B90EE00C4578A /* Mobile Systems Project 1 */,
				4E664CA8244B90F300C4578A /* Mobile Systems Project 1Tests */,
				4E664CB3244B90F300C4578A /* Mobile Systems Project 1UITests */,
			);
		};
/* End PBXProject section */

/* Begin PBXResourcesBuildPhase section */
		4E664C91244B90EE00C4578A /* Resources */ = {
			isa = PBXResourcesBuildPhase;
			buildActionMask = 2147483647;
			files = (
				4E664CA3244B90F200C4578A /* LaunchScreen.storyboard in Resources */,
				4E664CA0244B90F200C4578A /* Preview Assets.xcassets in Resources */,
				4E664C9D244B90F200C4578A /* Assets.xcassets in Resources */,
			);
			runOnlyForDeploymentPostprocessing = 0;
		};
		4E664CA7244B90F300C4578A /* Resources */ = {
			isa = PBXResourcesBuildPhase;
			buildActionMask = 2147483647;
			files = (
			);
			runOnlyForDeploymentPostprocessing = 0;
		};
		4E664CB2244B90F300C4578A /* Resources */ = {
			isa = PBXResourcesBuildPhase;
			buildActionMask = 2147483647;
			files = (
			);
			runOnlyForDeploymentPostprocessing = 0;
		};
/* End PBXResourcesBuildPhase section */

/* Begin PBXSourcesBuildPhase section */
		4E664C8F244B90EE00C4578A /* Sources */ = {
			isa = PBXSourcesBuildPhase;
			buildActionMask = 2147483647;
			files = (
				4E664CCD244B9B7A00C4578A /* AudioEngine.swift in Sources */,
				4E664C97244B90EE00C4578A /* AppDelegate.swift in Sources */,
				4E664C99244B90EE00C4578A /* SceneDelegate.swift in Sources */,
				4E664C9B244B90EE00C4578A /* ContentView.swift in Sources */,
			);
			runOnlyForDeploymentPostprocessing = 0;
		};
		4E664CA5244B90F300C4578A /* Sources */ = {
			isa = PBXSourcesBuildPhase;
			buildActionMask = 2147483647;
			files = (
				4E664CAE244B90F300C4578A /* Mobile_Systems_Project_1Tests.swift in Sources */,
			);
			runOnlyForDeploymentPostprocessing = 0;
		};
		4E664CB0244B90F300C4578A /* Sources */ = {
			isa = PBXSourcesBuildPhase;
			buildActionMask = 2147483647;
			files = (
				4E664CB9244B90F300C4578A /* Mobile_Systems_Project_1UITests.swift in Sources */,
			);
			runOnlyForDeploymentPostprocessing = 0;
		};
/* End PBXSourcesBuildPhase section */

/* Begin PBXTargetDependency section */
		4E664CAB244B90F300C4578A /* PBXTargetDependency */ = {
			isa = PBXTargetDependency;
			target = 4E664C92244B90EE00C4578A /* Mobile Systems Project 1 */;
			targetProxy = 4E664CAA244B90F300C4578A /* PBXContainerItemProxy */;
		};
		4E664CB6244B90F300C4578A /* PBXTargetDependency */ = {
			isa = PBXTargetDependency;
			target = 4E664C92244B90EE00C4578A /* Mobile Systems Project 1 */;
			targetProxy = 4E664CB5244B90F300C4578A /* PBXContainerItemProxy */;
		};
/* End PBXTargetDependency section */

/* Begin PBXVariantGroup section */
		4E664CA1244B90F200C4578A /* LaunchScreen.storyboard */ = {
			isa = PBXVariantGroup;
			children = (
				4E664CA2244B90F200C4578A /* Base */,
			);
			name = LaunchScreen.storyboard;
			sourceTree = "<group>";
		};
/* End PBXVariantGroup section */

/* Begin XCBuildConfiguration section */
		4E664CBB244B90F300C4578A /* Debug */ = {
			isa = XCBuildConfiguration;
			buildSettings = {
				ALWAYS_SEARCH_USER_PATHS = NO;
				CLANG_ANALYZER_NONNULL = YES;
				CLANG_ANALYZER_NUMBER_OBJECT_CONVERSION = YES_AGGRESSIVE;
				CLANG_CXX_LANGUAGE_STANDARD = "gnu++14";
				CLANG_CXX_LIBRARY = "libc++";
				CLANG_ENABLE_MODULES = YES;
				CLANG_ENABLE_OBJC_ARC = YES;
				CLANG_ENABLE_OBJC_WEAK = YES;
				CLANG_WARN_BLOCK_CAPTURE_AUTORELEASING = YES;
				CLANG_WARN_BOOL_CONVERSION = YES;
				CLANG_WARN_COMMA = YES;
				CLANG_WARN_CONSTANT_CONVERSION = YES;
				CLANG_WARN_DEPRECATED_OBJC_IMPLEMENTATIONS = YES;
				CLANG_WARN_DIRECT_OBJC_ISA_USAGE = YES_ERROR;
				CLANG_WARN_DOCUMENTATION_COMMENTS = YES;
				CLANG_WARN_EMPTY_BODY = YES;
				CLANG_WARN_ENUM_CONVERSION = YES;
				CLANG_WARN_INFINITE_RECURSION = YES;
				CLANG_WARN_INT_CONVERSION = YES;
				CLANG_WARN_NON_LITERAL_NULL_CONVERSION = YES;
				CLANG_WARN_OBJC_IMPLICIT_RETAIN_SELF = YES;
				CLANG_WARN_OBJC_LITERAL_CONVERSION = YES;
				CLANG_WARN_OBJC_ROOT_CLASS = YES_ERROR;
				CLANG_WARN_RANGE_LOOP_ANALYSIS = YES;
				CLANG_WARN_STRICT_PROTOTYPES = YES;
				CLANG_WARN_SUSPICIOUS_MOVE = YES;
				CLANG_WARN_UNGUARDED_AVAILABILITY = YES_AGGRESSIVE;
				CLANG_WARN_UNREACHABLE_CODE = YES;
				CLANG_WARN__DUPLICATE_METHOD_MATCH = YES;
				COPY_PHASE_STRIP = NO;
				DEBUG_INFORMATION_FORMAT = dwarf;
				ENABLE_STRICT_OBJC_MSGSEND = YES;
				ENABLE_TESTABILITY = YES;
				GCC_C_LANGUAGE_STANDARD = gnu11;
				GCC_DYNAMIC_NO_PIC = NO;
				GCC_NO_COMMON_BLOCKS = YES;
				GCC_OPTIMIZATION_LEVEL = 0;
				GCC_PREPROCESSOR_DEFINITIONS = (
					"DEBUG=1",
					"$(inherited)",
				);
				GCC_WARN_64_TO_32_BIT_CONVERSION = YES;
				GCC_WARN_ABOUT_RETURN_TYPE = YES_ERROR;
				GCC_WARN_UNDECLARED_SELECTOR = YES;
				GCC_WARN_UNINITIALIZED_AUTOS = YES_AGGRESSIVE;
				GCC_WARN_UNUSED_FUNCTION = YES;
				GCC_WARN_UNUSED_VARIABLE = YES;
				IPHONEOS_DEPLOYMENT_TARGET = 13.4;
				MTL_ENABLE_DEBUG_INFO = INCLUDE_SOURCE;
				MTL_FAST_MATH = YES;
				ONLY_ACTIVE_ARCH = YES;
				SDKROOT = iphoneos;
				SWIFT_ACTIVE_COMPILATION_CONDITIONS = DEBUG;
				SWIFT_OPTIMIZATION_LEVEL = "-Onone";
			};
			name = Debug;
		};
		4E664CBC244B90F300C4578A /* Release */ = {
			isa = XCBuildConfiguration;
			buildSettings = {
				ALWAYS_SEARCH_USER_PATHS = NO;
				CLANG_ANALYZER_NONNULL = YES;
				CLANG_ANALYZER_NUMBER_OBJECT_CONVERSION = YES_AGGRESSIVE;
				CLANG_CXX_LANGUAGE_STANDARD = "gnu++14";
				CLANG_CXX_LIBRARY = "libc++";
				CLANG_ENABLE_MODULES = YES;
				CLANG_ENABLE_OBJC_ARC = YES;
				CLANG_ENABLE_OBJC_WEAK = YES;
				CLANG_WARN_BLOCK_CAPTURE_AUTORELEASING = YES;
				CLANG_WARN_BOOL_CONVERSION = YES;
				CLANG_WARN_COMMA = YES;
				CLANG_WARN_CONSTANT_CONVERSION = YES;
				CLANG_WARN_DEPRECATED_OBJC_IMPLEMENTATIONS = YES;
				CLANG_WARN_DIRECT_OBJC_ISA_USAGE = YES_ERROR;
				CLANG_WARN_DOCUMENTATION_COMMENTS = YES;
				CLANG_WARN_EMPTY_BODY = YES;
				CLANG_WARN_ENUM_CONVERSION = YES;
				CLANG_WARN_INFINITE_RECURSION = YES;
				CLANG_WARN_INT_CONVERSION = YES;
				CLANG_WARN_NON_LITERAL_NULL_CONVERSION = YES;
				CLANG_WARN_OBJC_IMPLICIT_RETAIN_SELF = YES;
				CLANG_WARN_OBJC_LITERAL_CONVERSION = YES;
				CLANG_WARN_OBJC_ROOT_CLASS = YES_ERROR;
				CLANG_WARN_RANGE_LOOP_ANALYSIS = YES;
				CLANG_WARN_STRICT_PROTOTYPES = YES;
				CLANG_WARN_SUSPICIOUS_MOVE = YES;
				CLANG_WARN_UNGUARDED_AVAILABILITY = YES_AGGRESSIVE;
				CLANG_WARN_UNREACHABLE_CODE = YES;
				CLANG_WARN__DUPLICATE_METHOD_MATCH = YES;
				COPY_PHASE_STRIP = NO;
				DEBUG_INFORMATION_FORMAT = "dwarf-with-dsym";
				ENABLE_NS_ASSERTIONS = NO;
				ENABLE_STRICT_OBJC_MSGSEND = YES;
				GCC_C_LANGUAGE_STANDARD = gnu11;
				GCC_NO_COMMON_BLOCKS = YES;
				GCC_WARN_64_TO_32_BIT_CONVERSION = YES;
				GCC_WARN_ABOUT_RETURN_TYPE = YES_ERROR;
				GCC_WARN_UNDECLARED_SELECTOR = YES;
				GCC_WARN_UNINITIALIZED_AUTOS = YES_AGGRESSIVE;
				GCC_WARN_UNUSED_FUNCTION = YES;
				GCC_WARN_UNUSED_VARIABLE = YES;
				IPHONEOS_DEPLOYMENT_TARGET = 13.4;
				MTL_ENABLE_DEBUG_INFO = NO;
				MTL_FAST_MATH = YES;
				SDKROOT = iphoneos;
				SWIFT_COMPILATION_MODE = wholemodule;
				SWIFT_OPTIMIZATION_LEVEL = "-O";
				VALIDATE_PRODUCT = YES;
			};
			name = Release;
		};
		4E664CBE244B90F300C4578A /* Debug */ = {
			isa = XCBuildConfiguration;
			buildSettings = {
				ASSETCATALOG_COMPILER_APPICON_NAME = AppIcon;
				CODE_SIGN_STYLE = Automatic;
				DEVELOPMENT_ASSET_PATHS = "\"Mobile Systems Project 1/Preview Content\"";
				DEVELOPMENT_TEAM = RTBEPC8YG8;
				ENABLE_PREVIEWS = YES;
				FRAMEWORK_SEARCH_PATHS = (
					"$(inherited)",
					"$(PROJECT_DIR)/Mobile\\ Systems\\ Project\\ 1",
					"$(PROJECT_DIR)/Mobile\\ Systems\\ Project\\ 1",
					"$(PROJECT_DIR)/Mobile\\ Systems\\ Project\\ 1",
					"$(PROJECT_DIR)/Mobile\\ Systems\\ Project\\ 1",
					"$(PROJECT_DIR)/Mobile\\ Systems\\ Project\\ 1",
					"$(PROJECT_DIR)/Mobile\\ Systems\\ Project\\ 1",
				);
				INFOPLIST_FILE = "Mobile Systems Project 1/Info.plist";
				LD_RUNPATH_SEARCH_PATHS = (
					"$(inherited)",
					"@executable_path/Frameworks",
				);
				OTHER_LDFLAGS = "-lc++";
				"OTHER_LDFLAGS[arch=*]" = "-lc++";
				PRODUCT_BUNDLE_IDENTIFIER = "fishyai.Mobile-Systems-Project-1";
				PRODUCT_NAME = "$(TARGET_NAME)";
				SWIFT_VERSION = 5.0;
				TARGETED_DEVICE_FAMILY = "1,2";
			};
			name = Debug;
		};
		4E664CBF244B90F300C4578A /* Release */ = {
			isa = XCBuildConfiguration;
			buildSettings = {
				ASSETCATALOG_COMPILER_APPICON_NAME = AppIcon;
				CODE_SIGN_STYLE = Automatic;
				DEVELOPMENT_ASSET_PATHS = "\"Mobile Systems Project 1/Preview Content\"";
				DEVELOPMENT_TEAM = RTBEPC8YG8;
				ENABLE_PREVIEWS = YES;
				FRAMEWORK_SEARCH_PATHS = (
					"$(inherited)",
					"$(PROJECT_DIR)/Mobile\\ Systems\\ Project\\ 1",
					"$(PROJECT_DIR)/Mobile\\ Systems\\ Project\\ 1",
					"$(PROJECT_DIR)/Mobile\\ Systems\\ Project\\ 1",
					"$(PROJECT_DIR)/Mobile\\ Systems\\ Project\\ 1",
					"$(PROJECT_DIR)/Mobile\\ Systems\\ Project\\ 1",
					"$(PROJECT_DIR)/Mobile\\ Systems\\ Project\\ 1",
				);
				INFOPLIST_FILE = "Mobile Systems Project 1/Info.plist";
				LD_RUNPATH_SEARCH_PATHS = (
					"$(inherited)",
					"@executable_path/Frameworks",
				);
				OTHER_LDFLAGS = "-lc++";
				PRODUCT_BUNDLE_IDENTIFIER = "fishyai.Mobile-Systems-Project-1";
				PRODUCT_NAME = "$(TARGET_NAME)";
				SWIFT_VERSION = 5.0;
				TARGETED_DEVICE_FAMILY = "1,2";
			};
			name = Release;
		};
		4E664CC1244B90F300C4578A /* Debug */ = {
			isa = XCBuildConfiguration;
			buildSettings = {
				ALWAYS_EMBED_SWIFT_STANDARD_LIBRARIES = YES;
				BUNDLE_LOADER = "$(TEST_HOST)";
				CODE_SIGN_STYLE = Automatic;
				INFOPLIST_FILE = "Mobile Systems Project 1Tests/Info.plist";
				IPHONEOS_DEPLOYMENT_TARGET = 13.4;
				LD_RUNPATH_SEARCH_PATHS = (
					"$(inherited)",
					"@executable_path/Frameworks",
					"@loader_path/Frameworks",
				);
				PRODUCT_BUNDLE_IDENTIFIER = "fishyai.Mobile-Systems-Project-1Tests";
				PRODUCT_NAME = "$(TARGET_NAME)";
				SWIFT_VERSION = 5.0;
				TARGETED_DEVICE_FAMILY = "1,2";
				TEST_HOST = "$(BUILT_PRODUCTS_DIR)/Mobile Systems Project 1.app/Mobile Systems Project 1";
			};
			name = Debug;
		};
		4E664CC2244B90F300C4578A /* Release */ = {
			isa = XCBuildConfiguration;
			buildSettings = {
				ALWAYS_EMBED_SWIFT_STANDARD_LIBRARIES = YES;
				BUNDLE_LOADER = "$(TEST_HOST)";
				CODE_SIGN_STYLE = Automatic;
				INFOPLIST_FILE = "Mobile Systems Project 1Tests/Info.plist";
				IPHONEOS_DEPLOYMENT_TARGET = 13.4;
				LD_RUNPATH_SEARCH_PATHS = (
					"$(inherited)",
					"@executable_path/Frameworks",
					"@loader_path/Frameworks",
				);
				PRODUCT_BUNDLE_IDENTIFIER = "fishyai.Mobile-Systems-Project-1Tests";
				PRODUCT_NAME = "$(TARGET_NAME)";
				SWIFT_VERSION = 5.0;
				TARGETED_DEVICE_FAMILY = "1,2";
				TEST_HOST = "$(BUILT_PRODUCTS_DIR)/Mobile Systems Project 1.app/Mobile Systems Project 1";
			};
			name = Release;
		};
		4E664CC4244B90F300C4578A /* Debug */ = {
			isa = XCBuildConfiguration;
			buildSettings = {
				ALWAYS_EMBED_SWIFT_STANDARD_LIBRARIES = YES;
				CODE_SIGN_STYLE = Automatic;
				INFOPLIST_FILE = "Mobile Systems Project 1UITests/Info.plist";
				LD_RUNPATH_SEARCH_PATHS = (
					"$(inherited)",
					"@executable_path/Frameworks",
					"@loader_path/Frameworks",
				);
				PRODUCT_BUNDLE_IDENTIFIER = "fishyai.Mobile-Systems-Project-1UITests";
				PRODUCT_NAME = "$(TARGET_NAME)";
				SWIFT_VERSION = 5.0;
				TARGETED_DEVICE_FAMILY = "1,2";
				TEST_TARGET_NAME = "Mobile Systems Project 1";
			};
			name = Debug;
		};
		4E664CC5244B90F300C4578A /* Release */ = {
			isa = XCBuildConfiguration;
			buildSettings = {
				ALWAYS_EMBED_SWIFT_STANDARD_LIBRARIES = YES;
				CODE_SIGN_STYLE = Automatic;
				INFOPLIST_FILE = "Mobile Systems Project 1UITests/Info.plist";
				LD_RUNPATH_SEARCH_PATHS = (
					"$(inherited)",
					"@executable_path/Frameworks",
					"@loader_path/Frameworks",
				);
				PRODUCT_BUNDLE_IDENTIFIER = "fishyai.Mobile-Systems-Project-1UITests";
				PRODUCT_NAME = "$(TARGET_NAME)";
				SWIFT_VERSION = 5.0;
				TARGETED_DEVICE_FAMILY = "1,2";
				TEST_TARGET_NAME = "Mobile Systems Project 1";
			};
			name = Release;
		};
/* End XCBuildConfiguration section */

/* Begin XCConfigurationList section */
		4E664C8E244B90EE00C4578A /* Build configuration list for PBXProject "Mobile Systems Project 1" */ = {
			isa = XCConfigurationList;
			buildConfigurations = (
				4E664CBB244B90F300C4578A /* Debug */,
				4E664CBC244B90F300C4578A /* Release */,
			);
			defaultConfigurationIsVisible = 0;
			defaultConfigurationName = Release;
		};
		4E664CBD244B90F300C4578A /* Build configuration list for PBXNativeTarget "Mobile Systems Project 1" */ = {
			isa = XCConfigurationList;
			buildConfigurations = (
				4E664CBE244B90F300C4578A /* Debug */,
				4E664CBF244B90F300C4578A /* Release */,
			);
			defaultConfigurationIsVisible = 0;
			defaultConfigurationName = Release;
		};
		4E664CC0244B90F300C4578A /* Build configuration list for PBXNativeTarget "Mobile Systems Project 1Tests" */ = {
			isa = XCConfigurationList;
			buildConfigurations = (
				4E664CC1244B90F300C4578A /* Debug */,
				4E664CC2244B90F300C4578A /* Release */,
			);
			defaultConfigurationIsVisible = 0;
			defaultConfigurationName = Release;
		};
		4E664CC3244B90F300C4578A /* Build configuration list for PBXNativeTarget "Mobile Systems Project 1UITests" */ = {
			isa = XCConfigurationList;
			buildConfigurations = (
				4E664CC4244B90F300C4578A /* Debug */,
				4E664CC5244B90F300C4578A /* Release */,
			);
			defaultConfigurationIsVisible = 0;
			defaultConfigurationName = Release;
		};
/* End XCConfigurationList section */
	};
	rootObject = 4E664C8B244B90EE00C4578A /* Project object */;
}
